
Microsoft Visual Studio Solution File, Format Version 11.00
# Visual Studio 2010
Project("{FAE04EC0-301F-11D3-BF4B-00C04F79EFBC}") = "Syncfusion.Themes.Office2019HighContrastWhite.WPF_2010", "Syncfusion.Themes.Office2019HighContrastWhite.WPF_2010.csproj", "{1a9fae0f-5da0-47de-8f65-87804ca4fef9}"
EndProject
Global
	GlobalSection(SolutionConfigurationPlatforms) = preSolution
		Debug|Any CPU = Debug|Any CPU
		Debug-Xml|Any CPU = Debug-Xml|Any CPU
		Release|Any CPU = Release|Any CPU
		Release-Xml|Any CPU = Release-Xml|Any CPU
	EndGlobalSection
	GlobalSection(ProjectConfigurationPlatforms) = postSolution
		{1a9fae0f-5da0-47de-8f65-87804ca4fef9}.Debug|Any CPU.ActiveCfg = Debug|Any CPU
		{1a9fae0f-5da0-47de-8f65-87804ca4fef9}.Debug|Any CPU.Build.0 = Debug|Any CPU
		{1a9fae0f-5da0-47de-8f65-87804ca4fef9}.Debug-Xml|Any CPU.ActiveCfg = Debug-Xml|Any CPU
		{1a9fae0f-5da0-47de-8f65-87804ca4fef9}.Debug-Xml|Any CPU.Build.0 = Debug-Xml|Any CPU
		{1a9fae0f-5da0-47de-8f65-87804ca4fef9}.Release|Any CPU.ActiveCfg = Release|Any CPU
		{1a9fae0f-5da0-47de-8f65-87804ca4fef9}.Release|Any CPU.Build.0 = Release|Any CPU
		{1a9fae0f-5da0-47de-8f65-87804ca4fef9}.Release-Xml|Any CPU.ActiveCfg = Release-Xml|Any CPU
		{1a9fae0f-5da0-47de-8f65-87804ca4fef9}.Release-Xml|Any CPU.Build.0 = Release-Xml|Any CPU
	EndGlobalSection
	GlobalSection(SolutionProperties) = preSolution
		HideSolutionNode = FALSE
	EndGlobalSection
EndGlobal
